
Microsoft Visual Studio Solution File, Format Version 12.00
# Visual Studio Version 16
VisualStudioVersion = 16.0.31129.286
MinimumVisualStudioVersion = 10.0.40219.1
Project("{FAE04EC0-301F-11D3-BF4B-00C04F79EFBC}") = "TravelingSale", "TravelingSale\TravelingSale.csproj", "{8E163942-280A-414D-85C4-4DED5081FD43}"
EndProject
Global
	GlobalSection(SolutionConfigurationPlatforms) = preSolution
		Debug|Any CPU = Debug|Any CPU
		Release|Any CPU = Release|Any CPU
	EndGlobalSection
	GlobalSection(ProjectConfigurationPlatforms) = postSolution
		{8E163942-280A-414D-85C4-4DED5081FD43}.Debug|Any CPU.ActiveCfg = Debug|Any CPU
		{8E163942-280A-414D-85C4-4DED5081FD43}.Debug|Any CPU.Build.0 = Debug|Any CPU
		{8E163942-280A-414D-85C4-4DED5081FD43}.Release|Any CPU.ActiveCfg = Release|Any CPU
		{8E163942-280A-414D-85C4-4DED5081FD43}.Release|Any CPU.Build.0 = Release|Any CPU
	EndGlobalSection
	GlobalSection(SolutionProperties) = preSolution
		HideSolutionNode = FALSE
	EndGlobalSection
	GlobalSection(ExtensibilityGlobals) = postSolution
		SolutionGuid = {AB233425-1F9A-450D-9EB1-AF46D5C823BA}
	EndGlobalSection
EndGlobal
